
Microsoft Visual Studio Solution File, Format Version 12.00
# Visual Studio Version 17
VisualStudioVersion = 17.14.36401.2 d17.14
MinimumVisualStudioVersion = 10.0.40219.1
Project("{FAE04EC0-301F-11D3-BF4B-00C04F79EFBC}") = "Password Generator Project", "Password Generator Project.csproj", "{9D5A9124-D18F-43FD-A0AE-4CBC2D9D833F}"
EndProject
Global
	GlobalSection(SolutionConfigurationPlatforms) = preSolution
		Debug|Any CPU = Debug|Any CPU
		Release|Any CPU = Release|Any CPU
	EndGlobalSection
	GlobalSection(ProjectConfigurationPlatforms) = postSolution
		{9D5A9124-D18F-43FD-A0AE-4CBC2D9D833F}.Debug|Any CPU.ActiveCfg = Debug|Any CPU
		{9D5A9124-D18F-43FD-A0AE-4CBC2D9D833F}.Debug|Any CPU.Build.0 = Debug|Any CPU
		{9D5A9124-D18F-43FD-A0AE-4CBC2D9D833F}.Release|Any CPU.ActiveCfg = Release|Any CPU
		{9D5A9124-D18F-43FD-A0AE-4CBC2D9D833F}.Release|Any CPU.Build.0 = Release|Any CPU
	EndGlobalSection
	GlobalSection(SolutionProperties) = preSolution
		HideSolutionNode = FALSE
	EndGlobalSection
	GlobalSection(ExtensibilityGlobals) = postSolution
		SolutionGuid = {1E122BEF-A6C3-437C-8866-AF82932AAADC}
	EndGlobalSection
EndGlobal
